
Microsoft Visual Studio Solution File, Format Version 12.00
# Visual Studio Version 16
VisualStudioVersion = 16.0.32407.337
MinimumVisualStudioVersion = 10.0.40219.1
Project("{FAE04EC0-301F-11D3-BF4B-00C04F79EFBC}") = "Academia", "Academia\Academia.csproj", "{4BE2B342-A532-428B-988E-9CFD4905335B}"
EndProject
Global
	GlobalSection(SolutionConfigurationPlatforms) = preSolution
		Debug|Any CPU = Debug|Any CPU
		Release|Any CPU = Release|Any CPU
	EndGlobalSection
	GlobalSection(ProjectConfigurationPlatforms) = postSolution
		{4BE2B342-A532-428B-988E-9CFD4905335B}.Debug|Any CPU.ActiveCfg = Debug|Any CPU
		{4BE2B342-A532-428B-988E-9CFD4905335B}.Debug|Any CPU.Build.0 = Debug|Any CPU
		{4BE2B342-A532-428B-988E-9CFD4905335B}.Release|Any CPU.ActiveCfg = Release|Any CPU
		{4BE2B342-A532-428B-988E-9CFD4905335B}.Release|Any CPU.Build.0 = Release|Any CPU
	EndGlobalSection
	GlobalSection(SolutionProperties) = preSolution
		HideSolutionNode = FALSE
	EndGlobalSection
	GlobalSection(ExtensibilityGlobals) = postSolution
		SolutionGuid = {5D6ABA8C-67BE-413F-A414-DC368DF0F538}
	EndGlobalSection
EndGlobal
