
Microsoft Visual Studio Solution File, Format Version 12.00
# Visual Studio Version 16
VisualStudioVersion = 16.0.32228.343
MinimumVisualStudioVersion = 10.0.40219.1
Project("{FAE04EC0-301F-11D3-BF4B-00C04F79EFBC}") = "LabClases3", "LabClases3\LabClases3.csproj", "{65883043-D7EA-4EFA-8980-62F2D0DC0C78}"
EndProject
Global
	GlobalSection(SolutionConfigurationPlatforms) = preSolution
		Debug|Any CPU = Debug|Any CPU
		Release|Any CPU = Release|Any CPU
	EndGlobalSection
	GlobalSection(ProjectConfigurationPlatforms) = postSolution
		{65883043-D7EA-4EFA-8980-62F2D0DC0C78}.Debug|Any CPU.ActiveCfg = Debug|Any CPU
		{65883043-D7EA-4EFA-8980-62F2D0DC0C78}.Debug|Any CPU.Build.0 = Debug|Any CPU
		{65883043-D7EA-4EFA-8980-62F2D0DC0C78}.Release|Any CPU.ActiveCfg = Release|Any CPU
		{65883043-D7EA-4EFA-8980-62F2D0DC0C78}.Release|Any CPU.Build.0 = Release|Any CPU
	EndGlobalSection
	GlobalSection(SolutionProperties) = preSolution
		HideSolutionNode = FALSE
	EndGlobalSection
	GlobalSection(ExtensibilityGlobals) = postSolution
		SolutionGuid = {E7576331-1F96-4697-B312-65C0AB307846}
	EndGlobalSection
EndGlobal
