
Microsoft Visual Studio Solution File, Format Version 12.00
# Visual Studio Version 16
VisualStudioVersion = 16.0.32407.337
MinimumVisualStudioVersion = 10.0.40219.1
Project("{FAE04EC0-301F-11D3-BF4B-00C04F79EFBC}") = "UI.Desktop", "UI.Desktop\UI.Desktop.csproj", "{A59F4388-FF9C-4461-95A9-2A50104B6E04}"
EndProject
Project("{FAE04EC0-301F-11D3-BF4B-00C04F79EFBC}") = "Business.Logic", "Business.Logic\Business.Logic.csproj", "{B6DE5A71-DAE1-45C2-877A-1C43041FD513}"
EndProject
Project("{FAE04EC0-301F-11D3-BF4B-00C04F79EFBC}") = "Util", "Util\Util.csproj", "{D1AC5889-8A0D-4F00-A12E-5D4E76DA2975}"
	ProjectSection(ProjectDependencies) = postProject
		{47D3D31A-871C-48F6-8349-DE5EBF0CE9B1} = {47D3D31A-871C-48F6-8349-DE5EBF0CE9B1}
	EndProjectSection
EndProject
Project("{FAE04EC0-301F-11D3-BF4B-00C04F79EFBC}") = "Business.Entities", "Business.Entities\Business.Entities.csproj", "{47D3D31A-871C-48F6-8349-DE5EBF0CE9B1}"
EndProject
Project("{FAE04EC0-301F-11D3-BF4B-00C04F79EFBC}") = "UI.Web", "UI.Web\UI.Web.csproj", "{6D18188B-AA5F-4E97-93F0-7BDD42F20D17}"
EndProject
Project("{9A19103F-16F7-4668-BE54-9A1E7A4F7556}") = "UI.Consola", "UI.Consola\UI.Consola.csproj", "{F72B83C5-DEBD-4A3D-82D7-D7813A0D740B}"
EndProject
Project("{FAE04EC0-301F-11D3-BF4B-00C04F79EFBC}") = "Data.Database", "Data.Database\Data.Database.csproj", "{18D1C50F-58E0-4D94-B05B-4A95A146E6BB}"
EndProject
Global
	GlobalSection(SolutionConfigurationPlatforms) = preSolution
		Debug|Any CPU = Debug|Any CPU
		Release|Any CPU = Release|Any CPU
	EndGlobalSection
	GlobalSection(ProjectConfigurationPlatforms) = postSolution
		{A59F4388-FF9C-4461-95A9-2A50104B6E04}.Debug|Any CPU.ActiveCfg = Debug|Any CPU
		{A59F4388-FF9C-4461-95A9-2A50104B6E04}.Debug|Any CPU.Build.0 = Debug|Any CPU
		{A59F4388-FF9C-4461-95A9-2A50104B6E04}.Release|Any CPU.ActiveCfg = Release|Any CPU
		{A59F4388-FF9C-4461-95A9-2A50104B6E04}.Release|Any CPU.Build.0 = Release|Any CPU
		{B6DE5A71-DAE1-45C2-877A-1C43041FD513}.Debug|Any CPU.ActiveCfg = Debug|Any CPU
		{B6DE5A71-DAE1-45C2-877A-1C43041FD513}.Debug|Any CPU.Build.0 = Debug|Any CPU
		{B6DE5A71-DAE1-45C2-877A-1C43041FD513}.Release|Any CPU.ActiveCfg = Release|Any CPU
		{B6DE5A71-DAE1-45C2-877A-1C43041FD513}.Release|Any CPU.Build.0 = Release|Any CPU
		{D1AC5889-8A0D-4F00-A12E-5D4E76DA2975}.Debug|Any CPU.ActiveCfg = Debug|Any CPU
		{D1AC5889-8A0D-4F00-A12E-5D4E76DA2975}.Debug|Any CPU.Build.0 = Debug|Any CPU
		{D1AC5889-8A0D-4F00-A12E-5D4E76DA2975}.Release|Any CPU.ActiveCfg = Release|Any CPU
		{D1AC5889-8A0D-4F00-A12E-5D4E76DA2975}.Release|Any CPU.Build.0 = Release|Any CPU
		{47D3D31A-871C-48F6-8349-DE5EBF0CE9B1}.Debug|Any CPU.ActiveCfg = Debug|Any CPU
		{47D3D31A-871C-48F6-8349-DE5EBF0CE9B1}.Debug|Any CPU.Build.0 = Debug|Any CPU
		{47D3D31A-871C-48F6-8349-DE5EBF0CE9B1}.Release|Any CPU.ActiveCfg = Release|Any CPU
		{47D3D31A-871C-48F6-8349-DE5EBF0CE9B1}.Release|Any CPU.Build.0 = Release|Any CPU
		{6D18188B-AA5F-4E97-93F0-7BDD42F20D17}.Debug|Any CPU.ActiveCfg = Debug|Any CPU
		{6D18188B-AA5F-4E97-93F0-7BDD42F20D17}.Debug|Any CPU.Build.0 = Debug|Any CPU
		{6D18188B-AA5F-4E97-93F0-7BDD42F20D17}.Release|Any CPU.ActiveCfg = Release|Any CPU
		{6D18188B-AA5F-4E97-93F0-7BDD42F20D17}.Release|Any CPU.Build.0 = Release|Any CPU
		{F72B83C5-DEBD-4A3D-82D7-D7813A0D740B}.Debug|Any CPU.ActiveCfg = Debug|Any CPU
		{F72B83C5-DEBD-4A3D-82D7-D7813A0D740B}.Debug|Any CPU.Build.0 = Debug|Any CPU
		{F72B83C5-DEBD-4A3D-82D7-D7813A0D740B}.Release|Any CPU.ActiveCfg = Release|Any CPU
		{F72B83C5-DEBD-4A3D-82D7-D7813A0D740B}.Release|Any CPU.Build.0 = Release|Any CPU
		{18D1C50F-58E0-4D94-B05B-4A95A146E6BB}.Debug|Any CPU.ActiveCfg = Debug|Any CPU
		{18D1C50F-58E0-4D94-B05B-4A95A146E6BB}.Debug|Any CPU.Build.0 = Debug|Any CPU
		{18D1C50F-58E0-4D94-B05B-4A95A146E6BB}.Release|Any CPU.ActiveCfg = Release|Any CPU
		{18D1C50F-58E0-4D94-B05B-4A95A146E6BB}.Release|Any CPU.Build.0 = Release|Any CPU
	EndGlobalSection
	GlobalSection(SolutionProperties) = preSolution
		HideSolutionNode = FALSE
	EndGlobalSection
	GlobalSection(ExtensibilityGlobals) = postSolution
		SolutionGuid = {08CF2A4F-16D2-4C01-9396-413C83F1C178}
	EndGlobalSection
EndGlobal
