
Microsoft Visual Studio Solution File, Format Version 12.00
# Visual Studio Version 16
VisualStudioVersion = 16.0.32106.194
MinimumVisualStudioVersion = 10.0.40219.1
Project("{FAE04EC0-301F-11D3-BF4B-00C04F79EFBC}") = "Lab02", "Lab02.csproj", "{9178341E-772F-4239-A275-FF30A826B7EC}"
EndProject
Global
	GlobalSection(SolutionConfigurationPlatforms) = preSolution
		Debug|Any CPU = Debug|Any CPU
		Release|Any CPU = Release|Any CPU
	EndGlobalSection
	GlobalSection(ProjectConfigurationPlatforms) = postSolution
		{9178341E-772F-4239-A275-FF30A826B7EC}.Debug|Any CPU.ActiveCfg = Debug|Any CPU
		{9178341E-772F-4239-A275-FF30A826B7EC}.Debug|Any CPU.Build.0 = Debug|Any CPU
		{9178341E-772F-4239-A275-FF30A826B7EC}.Release|Any CPU.ActiveCfg = Release|Any CPU
		{9178341E-772F-4239-A275-FF30A826B7EC}.Release|Any CPU.Build.0 = Release|Any CPU
	EndGlobalSection
	GlobalSection(SolutionProperties) = preSolution
		HideSolutionNode = FALSE
	EndGlobalSection
	GlobalSection(ExtensibilityGlobals) = postSolution
		SolutionGuid = {24A81AA5-8C8C-42B5-906B-5B74D5021711}
	EndGlobalSection
EndGlobal
