
Microsoft Visual Studio Solution File, Format Version 12.00
# Visual Studio Version 16
VisualStudioVersion = 16.0.32228.343
MinimumVisualStudioVersion = 10.0.40219.1
Project("{FAE04EC0-301F-11D3-BF4B-00C04F79EFBC}") = "LabClases4", "LabClases4\LabClases4.csproj", "{208C9B91-D62B-48E1-B021-198200D6F566}"
EndProject
Global
	GlobalSection(SolutionConfigurationPlatforms) = preSolution
		Debug|Any CPU = Debug|Any CPU
		Release|Any CPU = Release|Any CPU
	EndGlobalSection
	GlobalSection(ProjectConfigurationPlatforms) = postSolution
		{208C9B91-D62B-48E1-B021-198200D6F566}.Debug|Any CPU.ActiveCfg = Debug|Any CPU
		{208C9B91-D62B-48E1-B021-198200D6F566}.Debug|Any CPU.Build.0 = Debug|Any CPU
		{208C9B91-D62B-48E1-B021-198200D6F566}.Release|Any CPU.ActiveCfg = Release|Any CPU
		{208C9B91-D62B-48E1-B021-198200D6F566}.Release|Any CPU.Build.0 = Release|Any CPU
	EndGlobalSection
	GlobalSection(SolutionProperties) = preSolution
		HideSolutionNode = FALSE
	EndGlobalSection
	GlobalSection(ExtensibilityGlobals) = postSolution
		SolutionGuid = {655BF4BC-222F-4AFC-84C5-B3E8C4D35222}
	EndGlobalSection
EndGlobal
